
Microsoft Visual Studio Solution File, Format Version 12.00
# Visual Studio Version 17
VisualStudioVersion = 17.6.33723.286
MinimumVisualStudioVersion = 10.0.40219.1
Project("{FAE04EC0-301F-11D3-BF4B-00C04F79EFBC}") = "HomeWork14", "HomeWork14\HomeWork14.csproj", "{78B9D13A-1E12-4EC0-A642-053E0953FFAB}"
EndProject
Global
	GlobalSection(SolutionConfigurationPlatforms) = preSolution
		Debug|Any CPU = Debug|Any CPU
		Release|Any CPU = Release|Any CPU
	EndGlobalSection
	GlobalSection(ProjectConfigurationPlatforms) = postSolution
		{78B9D13A-1E12-4EC0-A642-053E0953FFAB}.Debug|Any CPU.ActiveCfg = Debug|Any CPU
		{78B9D13A-1E12-4EC0-A642-053E0953FFAB}.Debug|Any CPU.Build.0 = Debug|Any CPU
		{78B9D13A-1E12-4EC0-A642-053E0953FFAB}.Release|Any CPU.ActiveCfg = Release|Any CPU
		{78B9D13A-1E12-4EC0-A642-053E0953FFAB}.Release|Any CPU.Build.0 = Release|Any CPU
	EndGlobalSection
	GlobalSection(SolutionProperties) = preSolution
		HideSolutionNode = FALSE
	EndGlobalSection
	GlobalSection(ExtensibilityGlobals) = postSolution
		SolutionGuid = {66FF3B82-C156-4DA0-9508-31800F6BB4B2}
	EndGlobalSection
EndGlobal
